
Microsoft Visual Studio Solution File, Format Version 12.00
# Visual Studio Version 16
VisualStudioVersion = 16.0.30225.117
MinimumVisualStudioVersion = 10.0.40219.1
Project("{9A19103F-16F7-4668-BE54-9A1E7A4F7556}") = "abstraction02", "abstraction02\abstraction02.csproj", "{AE93E846-8664-429D-81A6-C0AECCB7B37F}"
EndProject
Project("{9A19103F-16F7-4668-BE54-9A1E7A4F7556}") = "abstraction03", "abstraction03\abstraction03.csproj", "{340B3847-2ED3-41C4-AE57-698F84D52DE5}"
EndProject
Global
	GlobalSection(SolutionConfigurationPlatforms) = preSolution
		Debug|Any CPU = Debug|Any CPU
		Release|Any CPU = Release|Any CPU
	EndGlobalSection
	GlobalSection(ProjectConfigurationPlatforms) = postSolution
		{AE93E846-8664-429D-81A6-C0AECCB7B37F}.Debug|Any CPU.ActiveCfg = Debug|Any CPU
		{AE93E846-8664-429D-81A6-C0AECCB7B37F}.Debug|Any CPU.Build.0 = Debug|Any CPU
		{AE93E846-8664-429D-81A6-C0AECCB7B37F}.Release|Any CPU.ActiveCfg = Release|Any CPU
		{AE93E846-8664-429D-81A6-C0AECCB7B37F}.Release|Any CPU.Build.0 = Release|Any CPU
		{340B3847-2ED3-41C4-AE57-698F84D52DE5}.Debug|Any CPU.ActiveCfg = Debug|Any CPU
		{340B3847-2ED3-41C4-AE57-698F84D52DE5}.Debug|Any CPU.Build.0 = Debug|Any CPU
		{340B3847-2ED3-41C4-AE57-698F84D52DE5}.Release|Any CPU.ActiveCfg = Release|Any CPU
		{340B3847-2ED3-41C4-AE57-698F84D52DE5}.Release|Any CPU.Build.0 = Release|Any CPU
	EndGlobalSection
	GlobalSection(SolutionProperties) = preSolution
		HideSolutionNode = FALSE
	EndGlobalSection
	GlobalSection(ExtensibilityGlobals) = postSolution
		SolutionGuid = {B6BEAFFF-4849-4722-9766-1CCEAC0BEE0E}
	EndGlobalSection
EndGlobal
